
Microsoft Visual Studio Solution File, Format Version 12.00
# Visual Studio Version 17
VisualStudioVersion = 17.4.33213.308
MinimumVisualStudioVersion = 10.0.40219.1
Project("{9A19103F-16F7-4668-BE54-9A1E7A4F7556}") = "RPGHeroes", "RPGHeroes\RPGHeroes.csproj", "{48BA8B70-7482-48FC-800D-9CFC603BB6CF}"
EndProject
Project("{FAE04EC0-301F-11D3-BF4B-00C04F79EFBC}") = "RPGHeroesTest", "RPGHeroesTest\RPGHeroesTest.csproj", "{22233AE2-C1BC-4947-8DC3-A0DE9270EF9F}"
EndProject
Global
	GlobalSection(SolutionConfigurationPlatforms) = preSolution
		Debug|Any CPU = Debug|Any CPU
		Release|Any CPU = Release|Any CPU
	EndGlobalSection
	GlobalSection(ProjectConfigurationPlatforms) = postSolution
		{48BA8B70-7482-48FC-800D-9CFC603BB6CF}.Debug|Any CPU.ActiveCfg = Debug|Any CPU
		{48BA8B70-7482-48FC-800D-9CFC603BB6CF}.Debug|Any CPU.Build.0 = Debug|Any CPU
		{48BA8B70-7482-48FC-800D-9CFC603BB6CF}.Release|Any CPU.ActiveCfg = Release|Any CPU
		{48BA8B70-7482-48FC-800D-9CFC603BB6CF}.Release|Any CPU.Build.0 = Release|Any CPU
		{22233AE2-C1BC-4947-8DC3-A0DE9270EF9F}.Debug|Any CPU.ActiveCfg = Debug|Any CPU
		{22233AE2-C1BC-4947-8DC3-A0DE9270EF9F}.Debug|Any CPU.Build.0 = Debug|Any CPU
		{22233AE2-C1BC-4947-8DC3-A0DE9270EF9F}.Release|Any CPU.ActiveCfg = Release|Any CPU
		{22233AE2-C1BC-4947-8DC3-A0DE9270EF9F}.Release|Any CPU.Build.0 = Release|Any CPU
	EndGlobalSection
	GlobalSection(SolutionProperties) = preSolution
		HideSolutionNode = FALSE
	EndGlobalSection
	GlobalSection(ExtensibilityGlobals) = postSolution
		SolutionGuid = {2E8DFADA-2ABB-40BA-8E11-6CCD588BC63A}
	EndGlobalSection
EndGlobal
